
Microsoft Visual Studio Solution File, Format Version 12.00
# Visual Studio Version 16
VisualStudioVersion = 16.0.33927.289
MinimumVisualStudioVersion = 10.0.40219.1
Project("{2150E333-8FDC-42A3-9474-1A3956D46DE8}") = "Task0", "Task0", "{32147885-0025-402F-B8E0-83778F1961BC}"
EndProject
Project("{FAE04EC0-301F-11D3-BF4B-00C04F79EFBC}") = "Tyuiu.KorneevaEA.Sprint2.Task0.V23", "Tyuiu.KorneevaEA.Sprint2.Task0.V23\Tyuiu.KorneevaEA.Sprint2.Task0.V23.csproj", "{EC40B4C8-75DF-4C5D-98D6-6DDBD084B04E}"
EndProject
Project("{FAE04EC0-301F-11D3-BF4B-00C04F79EFBC}") = "Tyuiu.KorneevaEA.Sprint2.Task0.V23.Test", "Tyuiu.KorneevaEA.Sprint2.Task0.V23.Test\Tyuiu.KorneevaEA.Sprint2.Task0.V23.Test.csproj", "{C5F094B0-1B2C-4791-B69E-C61341296C90}"
EndProject
Project("{FAE04EC0-301F-11D3-BF4B-00C04F79EFBC}") = "Tyuiu.KorneevaEA.Sprint2.Task0.V23.Lib", "Tyuiu.KorneevaEA.Sprint2.Task0.V23.Lib\Tyuiu.KorneevaEA.Sprint2.Task0.V23.Lib.csproj", "{C6471451-F9A4-4FB7-8248-1753F4FC69AD}"
EndProject
Project("{2150E333-8FDC-42A3-9474-1A3956D46DE8}") = "Task1", "Task1", "{BE3C6C37-518E-4D15-8B03-35123F4F6A5B}"
EndProject
Project("{FAE04EC0-301F-11D3-BF4B-00C04F79EFBC}") = "Tyuiu.KorneevaEA.Sprint2.Task1.V28", "Tyuiu.KorneevaEA.Sprint2.Task1.V28\Tyuiu.KorneevaEA.Sprint2.Task1.V28.csproj", "{8DFA10EA-1436-4D34-878B-79C48D09F5DF}"
EndProject
Project("{FAE04EC0-301F-11D3-BF4B-00C04F79EFBC}") = "Tyuiu.KorneevaEA.Sprint2.Task1.V28.Lib", "Tyuiu.KorneevaEA.Sprint2.Task1.V28.Lib\Tyuiu.KorneevaEA.Sprint2.Task1.V28.Lib.csproj", "{0084A2B0-CADD-4DF8-A335-35FAB2EC4927}"
EndProject
Project("{FAE04EC0-301F-11D3-BF4B-00C04F79EFBC}") = "Tyuiu.KorneevaEA.Sprint2.Task1.V28.Test", "Tyuiu.KorneevaEA.Sprint2.Task1.V28.Test\Tyuiu.KorneevaEA.Sprint2.Task1.V28.Test.csproj", "{42B09975-BD23-4C67-B118-51E6D8CF2F4D}"
EndProject
Project("{2150E333-8FDC-42A3-9474-1A3956D46DE8}") = "Task2", "Task2", "{041CF354-9637-48E9-B84A-8891BC021973}"
EndProject
Project("{FAE04EC0-301F-11D3-BF4B-00C04F79EFBC}") = "Tyuiu.KorneevaEA.Sprint2.Task2.V16", "Tyuiu.KorneevaEA.Sprint2.Task2.V16\Tyuiu.KorneevaEA.Sprint2.Task2.V16.csproj", "{199284CB-8FD5-4899-BE4D-2E9974A44307}"
EndProject
Project("{FAE04EC0-301F-11D3-BF4B-00C04F79EFBC}") = "Tyuiu.KorneevaEA.Sprint2.Task2.V16.Lib", "Tyuiu.KorneevaEA.Sprint2.Task2.V16.Lib\Tyuiu.KorneevaEA.Sprint2.Task2.V16.Lib.csproj", "{B5B7FEB5-37F7-493D-8AA3-FC31BF98D01B}"
EndProject
Project("{FAE04EC0-301F-11D3-BF4B-00C04F79EFBC}") = "Tyuiu.KorneevaEA.Sprint2.Task2.V16.Test", "Tyuiu.KorneevaEA.Sprint2.Task2.V16.Test\Tyuiu.KorneevaEA.Sprint2.Task2.V16.Test.csproj", "{5D654051-E680-49C3-BE44-D219ADA29EEE}"
EndProject
Global
	GlobalSection(SolutionConfigurationPlatforms) = preSolution
		Debug|Any CPU = Debug|Any CPU
		Release|Any CPU = Release|Any CPU
	EndGlobalSection
	GlobalSection(ProjectConfigurationPlatforms) = postSolution
		{EC40B4C8-75DF-4C5D-98D6-6DDBD084B04E}.Debug|Any CPU.ActiveCfg = Debug|Any CPU
		{EC40B4C8-75DF-4C5D-98D6-6DDBD084B04E}.Debug|Any CPU.Build.0 = Debug|Any CPU
		{EC40B4C8-75DF-4C5D-98D6-6DDBD084B04E}.Release|Any CPU.ActiveCfg = Release|Any CPU
		{EC40B4C8-75DF-4C5D-98D6-6DDBD084B04E}.Release|Any CPU.Build.0 = Release|Any CPU
		{C5F094B0-1B2C-4791-B69E-C61341296C90}.Debug|Any CPU.ActiveCfg = Debug|Any CPU
		{C5F094B0-1B2C-4791-B69E-C61341296C90}.Debug|Any CPU.Build.0 = Debug|Any CPU
		{C5F094B0-1B2C-4791-B69E-C61341296C90}.Release|Any CPU.ActiveCfg = Release|Any CPU
		{C5F094B0-1B2C-4791-B69E-C61341296C90}.Release|Any CPU.Build.0 = Release|Any CPU
		{C6471451-F9A4-4FB7-8248-1753F4FC69AD}.Debug|Any CPU.ActiveCfg = Debug|Any CPU
		{C6471451-F9A4-4FB7-8248-1753F4FC69AD}.Debug|Any CPU.Build.0 = Debug|Any CPU
		{C6471451-F9A4-4FB7-8248-1753F4FC69AD}.Release|Any CPU.ActiveCfg = Release|Any CPU
		{C6471451-F9A4-4FB7-8248-1753F4FC69AD}.Release|Any CPU.Build.0 = Release|Any CPU
		{8DFA10EA-1436-4D34-878B-79C48D09F5DF}.Debug|Any CPU.ActiveCfg = Debug|Any CPU
		{8DFA10EA-1436-4D34-878B-79C48D09F5DF}.Debug|Any CPU.Build.0 = Debug|Any CPU
		{8DFA10EA-1436-4D34-878B-79C48D09F5DF}.Release|Any CPU.ActiveCfg = Release|Any CPU
		{8DFA10EA-1436-4D34-878B-79C48D09F5DF}.Release|Any CPU.Build.0 = Release|Any CPU
		{0084A2B0-CADD-4DF8-A335-35FAB2EC4927}.Debug|Any CPU.ActiveCfg = Debug|Any CPU
		{0084A2B0-CADD-4DF8-A335-35FAB2EC4927}.Debug|Any CPU.Build.0 = Debug|Any CPU
		{0084A2B0-CADD-4DF8-A335-35FAB2EC4927}.Release|Any CPU.ActiveCfg = Release|Any CPU
		{0084A2B0-CADD-4DF8-A335-35FAB2EC4927}.Release|Any CPU.Build.0 = Release|Any CPU
		{42B09975-BD23-4C67-B118-51E6D8CF2F4D}.Debug|Any CPU.ActiveCfg = Debug|Any CPU
		{42B09975-BD23-4C67-B118-51E6D8CF2F4D}.Debug|Any CPU.Build.0 = Debug|Any CPU
		{42B09975-BD23-4C67-B118-51E6D8CF2F4D}.Release|Any CPU.ActiveCfg = Release|Any CPU
		{42B09975-BD23-4C67-B118-51E6D8CF2F4D}.Release|Any CPU.Build.0 = Release|Any CPU
		{199284CB-8FD5-4899-BE4D-2E9974A44307}.Debug|Any CPU.ActiveCfg = Debug|Any CPU
		{199284CB-8FD5-4899-BE4D-2E9974A44307}.Debug|Any CPU.Build.0 = Debug|Any CPU
		{199284CB-8FD5-4899-BE4D-2E9974A44307}.Release|Any CPU.ActiveCfg = Release|Any CPU
		{199284CB-8FD5-4899-BE4D-2E9974A44307}.Release|Any CPU.Build.0 = Release|Any CPU
		{B5B7FEB5-37F7-493D-8AA3-FC31BF98D01B}.Debug|Any CPU.ActiveCfg = Debug|Any CPU
		{B5B7FEB5-37F7-493D-8AA3-FC31BF98D01B}.Debug|Any CPU.Build.0 = Debug|Any CPU
		{B5B7FEB5-37F7-493D-8AA3-FC31BF98D01B}.Release|Any CPU.ActiveCfg = Release|Any CPU
		{B5B7FEB5-37F7-493D-8AA3-FC31BF98D01B}.Release|Any CPU.Build.0 = Release|Any CPU
		{5D654051-E680-49C3-BE44-D219ADA29EEE}.Debug|Any CPU.ActiveCfg = Debug|Any CPU
		{5D654051-E680-49C3-BE44-D219ADA29EEE}.Debug|Any CPU.Build.0 = Debug|Any CPU
		{5D654051-E680-49C3-BE44-D219ADA29EEE}.Release|Any CPU.ActiveCfg = Release|Any CPU
		{5D654051-E680-49C3-BE44-D219ADA29EEE}.Release|Any CPU.Build.0 = Release|Any CPU
	EndGlobalSection
	GlobalSection(SolutionProperties) = preSolution
		HideSolutionNode = FALSE
	EndGlobalSection
	GlobalSection(NestedProjects) = preSolution
		{EC40B4C8-75DF-4C5D-98D6-6DDBD084B04E} = {32147885-0025-402F-B8E0-83778F1961BC}
		{C5F094B0-1B2C-4791-B69E-C61341296C90} = {32147885-0025-402F-B8E0-83778F1961BC}
		{C6471451-F9A4-4FB7-8248-1753F4FC69AD} = {32147885-0025-402F-B8E0-83778F1961BC}
		{8DFA10EA-1436-4D34-878B-79C48D09F5DF} = {BE3C6C37-518E-4D15-8B03-35123F4F6A5B}
		{0084A2B0-CADD-4DF8-A335-35FAB2EC4927} = {BE3C6C37-518E-4D15-8B03-35123F4F6A5B}
		{42B09975-BD23-4C67-B118-51E6D8CF2F4D} = {BE3C6C37-518E-4D15-8B03-35123F4F6A5B}
		{199284CB-8FD5-4899-BE4D-2E9974A44307} = {041CF354-9637-48E9-B84A-8891BC021973}
		{B5B7FEB5-37F7-493D-8AA3-FC31BF98D01B} = {041CF354-9637-48E9-B84A-8891BC021973}
		{5D654051-E680-49C3-BE44-D219ADA29EEE} = {041CF354-9637-48E9-B84A-8891BC021973}
	EndGlobalSection
	GlobalSection(ExtensibilityGlobals) = postSolution
		SolutionGuid = {C0D3D70E-9B92-448C-A67F-1CAAEA74F6A6}
	EndGlobalSection
EndGlobal
